
Microsoft Visual Studio Solution File, Format Version 12.00
# Visual Studio Version 17
VisualStudioVersion = 17.14.36804.6 d17.14
MinimumVisualStudioVersion = 10.0.40219.1
Project("{FAE04EC0-301F-11D3-BF4B-00C04F79EFBC}") = "MFAProject", "MFAProject\MFAProject.csproj", "{CE959498-FD59-4960-A37D-CFD3F667D743}"
EndProject
Global
	GlobalSection(SolutionConfigurationPlatforms) = preSolution
		Debug|Any CPU = Debug|Any CPU
		Release|Any CPU = Release|Any CPU
	EndGlobalSection
	GlobalSection(ProjectConfigurationPlatforms) = postSolution
		{CE959498-FD59-4960-A37D-CFD3F667D743}.Debug|Any CPU.ActiveCfg = Debug|Any CPU
		{CE959498-FD59-4960-A37D-CFD3F667D743}.Debug|Any CPU.Build.0 = Debug|Any CPU
		{CE959498-FD59-4960-A37D-CFD3F667D743}.Release|Any CPU.ActiveCfg = Release|Any CPU
		{CE959498-FD59-4960-A37D-CFD3F667D743}.Release|Any CPU.Build.0 = Release|Any CPU
	EndGlobalSection
	GlobalSection(SolutionProperties) = preSolution
		HideSolutionNode = FALSE
	EndGlobalSection
	GlobalSection(ExtensibilityGlobals) = postSolution
		SolutionGuid = {C0336B88-BBE5-440B-A3F8-FEE6EEB12DE7}
	EndGlobalSection
EndGlobal
